{
  "name": "dsh-profile-web",
  "lockfileVersion": 3,
  "requires": true,
  "packages": {
    "": {
      "name": "dsh-profile-web",
      "dependencies": {
        "dshmarket": "1.66.6",
        "workbench-native-config": "file:vendor/workbench-native-config"
      }
    },
    "node_modules/argparse": {
      "version": "2.0.1",
      "resolved": "https://registry.npmjs.org/argparse/-/argparse-2.0.1.tgz",
      "integrity": "sha512-8+9WqebbFzpX9OR+Wa6O29asIogeRMzcGtAINdpMHHyAg10f05aSFVBbcEqGf/PXw1EjAZ+q2/bEBg3DvurK3Q==",
      "license": "Python-2.0"
    },
    "node_modules/dshmarket": {
      "version": "1.66.6",
      "resolved": "https://registry.npmjs.org/dshmarket/-/dshmarket-1.66.6.tgz",
      "integrity": "sha512-J7bqwzJAEcGfqN+zD0l82gy3MCf2IOLku9TqfyBD6P8fQgTOg6EzppZIERjTb+JExagxGHIqT6z+XaWPLBbluQ==",
      "license": "MIT",
      "dependencies": {
        "js-yaml": "^4.1.0",
        "undici": "^7.29.0"
      },
      "peerDependencies": {
        "@deepseek-ai/cordis": "^4.0.1",
        "@deepseek-ai/dsh-settings": "^0.1.0-rc.7 || ^0.1.1-rc.2 || ^0.1.2-alpha.2 || ^0.2.0-rc.1",
        "@deepseek-ai/schemastery": "^3.18.1"
      },
      "peerDependenciesMeta": {
        "@deepseek-ai/dsh-settings": {
          "optional": true
        },
        "@deepseek-ai/schemastery": {
          "optional": true
        }
      }
    },
    "node_modules/js-yaml": {
      "version": "4.3.2",
      "resolved": "https://registry.npmjs.org/js-yaml/-/js-yaml-4.3.2.tgz",
      "integrity": "sha512-SFNOvSJ+Dgf/9An904Yx+CgSlIPCkIpao4qo51lpee25TIRejdH3rhR4EZMGoNx3/TP3O+wzWuiTFl4sqbltzA==",
      "funding": [
        {
          "type": "github",
          "url": "https://github.com/sponsors/puzrin"
        },
        {
          "type": "github",
          "url": "https://github.com/sponsors/nodeca"
        }
      ],
      "license": "MIT",
      "dependencies": {
        "argparse": "^2.0.1"
      },
      "bin": {
        "js-yaml": "bin/js-yaml.js"
      }
    },
    "node_modules/undici": {
      "version": "7.30.0",
      "resolved": "https://registry.npmjs.org/undici/-/undici-7.30.0.tgz",
      "integrity": "sha512-dkrQXeHSaoamnItlYbmzG0wFYrM0ZwDxCIg0A7aKjTyyhh9svRzCNFEzV+Vm05/yehjCzjDZ31KXfGEjYSztDQ==",
      "license": "MIT",
      "engines": {
        "node": ">=20.18.1"
      }
    },
    "node_modules/workbench-native-config": {
      "version": "1.0.0",
      "resolved": "file:vendor/workbench-native-config"
    }
  }
}
